
Microsoft Visual Studio Solution File, Format Version 12.00
# Visual Studio 15
Project("{FAE04EC0-301F-11D3-BF4B-00C04F79EFBC}") = "Assembly-CSharp", "Assembly-CSharp.csproj", "{D9B12A1F-CD9E-375F-867C-EF718616B8CA}"
EndProject
Project("{FAE04EC0-301F-11D3-BF4B-00C04F79EFBC}") = "Assembly-CSharp-firstpass", "Assembly-CSharp-firstpass.csproj", "{F2EBC396-9A45-462C-41FF-6EDB4F8D853B}"
EndProject
Project("{FAE04EC0-301F-11D3-BF4B-00C04F79EFBC}") = "Assembly-CSharp-Editor", "Assembly-CSharp-Editor.csproj", "{B3C1F233-366C-56DE-FB53-3AA083554EBC}"
EndProject
Global
	GlobalSection(SolutionConfigurationPlatforms) = preSolution
		Debug|Any CPU = Debug|Any CPU
		Release|Any CPU = Release|Any CPU
	EndGlobalSection
	GlobalSection(ProjectConfigurationPlatforms) = postSolution
		{D9B12A1F-CD9E-375F-867C-EF718616B8CA}.Debug|Any CPU.ActiveCfg = Debug|Any CPU
		{D9B12A1F-CD9E-375F-867C-EF718616B8CA}.Debug|Any CPU.Build.0 = Debug|Any CPU
		{D9B12A1F-CD9E-375F-867C-EF718616B8CA}.Release|Any CPU.ActiveCfg = Release|Any CPU
		{D9B12A1F-CD9E-375F-867C-EF718616B8CA}.Release|Any CPU.Build.0 = Release|Any CPU
		{F2EBC396-9A45-462C-41FF-6EDB4F8D853B}.Debug|Any CPU.ActiveCfg = Debug|Any CPU
		{F2EBC396-9A45-462C-41FF-6EDB4F8D853B}.Debug|Any CPU.Build.0 = Debug|Any CPU
		{F2EBC396-9A45-462C-41FF-6EDB4F8D853B}.Release|Any CPU.ActiveCfg = Release|Any CPU
		{F2EBC396-9A45-462C-41FF-6EDB4F8D853B}.Release|Any CPU.Build.0 = Release|Any CPU
		{B3C1F233-366C-56DE-FB53-3AA083554EBC}.Debug|Any CPU.ActiveCfg = Debug|Any CPU
		{B3C1F233-366C-56DE-FB53-3AA083554EBC}.Debug|Any CPU.Build.0 = Debug|Any CPU
		{B3C1F233-366C-56DE-FB53-3AA083554EBC}.Release|Any CPU.ActiveCfg = Release|Any CPU
		{B3C1F233-366C-56DE-FB53-3AA083554EBC}.Release|Any CPU.Build.0 = Release|Any CPU
	EndGlobalSection
	GlobalSection(SolutionProperties) = preSolution
		HideSolutionNode = FALSE
	EndGlobalSection
EndGlobal
