
Microsoft Visual Studio Solution File, Format Version 12.00
# Visual Studio for Mac
Project("{FAE04EC0-301F-11D3-BF4B-00C04F79EFBC}") = "Assembly-CSharp", "Assembly-CSharp.csproj", "{85436265-4E32-74DA-436B-5978662152AE}"
EndProject
Project("{FAE04EC0-301F-11D3-BF4B-00C04F79EFBC}") = "Assembly-CSharp-firstpass", "Assembly-CSharp-firstpass.csproj", "{268443AD-1896-31B7-CE2C-070DCEBCC507}"
EndProject
Project("{FAE04EC0-301F-11D3-BF4B-00C04F79EFBC}") = "Assembly-CSharp-Editor", "Assembly-CSharp-Editor.csproj", "{67EFC7B4-CEAE-7A02-48ED-56342F6692B9}"
EndProject
Global
	GlobalSection(SolutionConfigurationPlatforms) = preSolution
		Debug|Any CPU = Debug|Any CPU
		Release|Any CPU = Release|Any CPU
	EndGlobalSection
	GlobalSection(ProjectConfigurationPlatforms) = postSolution
		{85436265-4E32-74DA-436B-5978662152AE}.Debug|Any CPU.ActiveCfg = Debug|Any CPU
		{85436265-4E32-74DA-436B-5978662152AE}.Debug|Any CPU.Build.0 = Debug|Any CPU
		{85436265-4E32-74DA-436B-5978662152AE}.Release|Any CPU.ActiveCfg = Release|Any CPU
		{85436265-4E32-74DA-436B-5978662152AE}.Release|Any CPU.Build.0 = Release|Any CPU
		{268443AD-1896-31B7-CE2C-070DCEBCC507}.Debug|Any CPU.ActiveCfg = Debug|Any CPU
		{268443AD-1896-31B7-CE2C-070DCEBCC507}.Debug|Any CPU.Build.0 = Debug|Any CPU
		{268443AD-1896-31B7-CE2C-070DCEBCC507}.Release|Any CPU.ActiveCfg = Release|Any CPU
		{268443AD-1896-31B7-CE2C-070DCEBCC507}.Release|Any CPU.Build.0 = Release|Any CPU
		{67EFC7B4-CEAE-7A02-48ED-56342F6692B9}.Debug|Any CPU.ActiveCfg = Debug|Any CPU
		{67EFC7B4-CEAE-7A02-48ED-56342F6692B9}.Debug|Any CPU.Build.0 = Debug|Any CPU
		{67EFC7B4-CEAE-7A02-48ED-56342F6692B9}.Release|Any CPU.ActiveCfg = Release|Any CPU
		{67EFC7B4-CEAE-7A02-48ED-56342F6692B9}.Release|Any CPU.Build.0 = Release|Any CPU
	EndGlobalSection
	GlobalSection(SolutionProperties) = preSolution
		HideSolutionNode = FALSE
	EndGlobalSection
EndGlobal
