
Microsoft Visual Studio Solution File, Format Version 12.00
# Visual Studio 15
Project("{FAE04EC0-301F-11D3-BF4B-00C04F79EFBC}") = "VR_Robot_Project", "VR_Robot_Project.csproj", "{5474B1CC-6F6D-7B8C-C45F-B310780D05CF}"
EndProject
Project("{FAE04EC0-301F-11D3-BF4B-00C04F79EFBC}") = "VR_Robot_Project.Plugins", "VR_Robot_Project.Plugins.csproj", "{65BD0144-4DEE-5063-741D-293B5308F2B4}"
EndProject
Project("{FAE04EC0-301F-11D3-BF4B-00C04F79EFBC}") = "VR_Robot_Project.Editor", "VR_Robot_Project.Editor.csproj", "{CAD99F2F-6809-E711-BE86-57F0CA9E16FC}"
EndProject
Global
	GlobalSection(SolutionConfigurationPlatforms) = preSolution
		Debug|Any CPU = Debug|Any CPU
		Release|Any CPU = Release|Any CPU
	EndGlobalSection
	GlobalSection(ProjectConfigurationPlatforms) = postSolution
		{5474B1CC-6F6D-7B8C-C45F-B310780D05CF}.Debug|Any CPU.ActiveCfg = Debug|Any CPU
		{5474B1CC-6F6D-7B8C-C45F-B310780D05CF}.Debug|Any CPU.Build.0 = Debug|Any CPU
		{5474B1CC-6F6D-7B8C-C45F-B310780D05CF}.Release|Any CPU.ActiveCfg = Release|Any CPU
		{5474B1CC-6F6D-7B8C-C45F-B310780D05CF}.Release|Any CPU.Build.0 = Release|Any CPU
		{65BD0144-4DEE-5063-741D-293B5308F2B4}.Debug|Any CPU.ActiveCfg = Debug|Any CPU
		{65BD0144-4DEE-5063-741D-293B5308F2B4}.Debug|Any CPU.Build.0 = Debug|Any CPU
		{65BD0144-4DEE-5063-741D-293B5308F2B4}.Release|Any CPU.ActiveCfg = Release|Any CPU
		{65BD0144-4DEE-5063-741D-293B5308F2B4}.Release|Any CPU.Build.0 = Release|Any CPU
		{CAD99F2F-6809-E711-BE86-57F0CA9E16FC}.Debug|Any CPU.ActiveCfg = Debug|Any CPU
		{CAD99F2F-6809-E711-BE86-57F0CA9E16FC}.Debug|Any CPU.Build.0 = Debug|Any CPU
		{CAD99F2F-6809-E711-BE86-57F0CA9E16FC}.Release|Any CPU.ActiveCfg = Release|Any CPU
		{CAD99F2F-6809-E711-BE86-57F0CA9E16FC}.Release|Any CPU.Build.0 = Release|Any CPU
	EndGlobalSection
	GlobalSection(SolutionProperties) = preSolution
		HideSolutionNode = FALSE
	EndGlobalSection
EndGlobal
